
Microsoft Visual Studio Solution File, Format Version 12.00
# Visual Studio Version 17
VisualStudioVersion = 17.0.31903.59
MinimumVisualStudioVersion = 10.0.40219.1
Project("{FAE04EC0-301F-11D3-BF4B-00C04F79EFBC}") = "RPA.API", "RPA.API\RPA.API.csproj", "{EA3FE35B-2628-4A0C-9BA7-961ABFA0FF5A}"
EndProject
Project("{FAE04EC0-301F-11D3-BF4B-00C04F79EFBC}") = "RPA.Orchestrator", "RPA.Orchestrator\RPA.Orchestrator.csproj", "{96F8C0D6-3808-411E-957E-DC2AB142D1BA}"
EndProject
Project("{FAE04EC0-301F-11D3-BF4B-00C04F79EFBC}") = "RPA.Agent", "RPA.Agent\RPA.Agent.csproj", "{709297D9-D147-4042-942A-13871EA34051}"
EndProject
Global
	GlobalSection(SolutionConfigurationPlatforms) = preSolution
		Debug|Any CPU = Debug|Any CPU
		Release|Any CPU = Release|Any CPU
	EndGlobalSection
	GlobalSection(SolutionProperties) = preSolution
		HideSolutionNode = FALSE
	EndGlobalSection
	GlobalSection(ProjectConfigurationPlatforms) = postSolution
		{EA3FE35B-2628-4A0C-9BA7-961ABFA0FF5A}.Debug|Any CPU.ActiveCfg = Debug|Any CPU
		{EA3FE35B-2628-4A0C-9BA7-961ABFA0FF5A}.Debug|Any CPU.Build.0 = Debug|Any CPU
		{EA3FE35B-2628-4A0C-9BA7-961ABFA0FF5A}.Release|Any CPU.ActiveCfg = Release|Any CPU
		{EA3FE35B-2628-4A0C-9BA7-961ABFA0FF5A}.Release|Any CPU.Build.0 = Release|Any CPU
		{96F8C0D6-3808-411E-957E-DC2AB142D1BA}.Debug|Any CPU.ActiveCfg = Debug|Any CPU
		{96F8C0D6-3808-411E-957E-DC2AB142D1BA}.Debug|Any CPU.Build.0 = Debug|Any CPU
		{96F8C0D6-3808-411E-957E-DC2AB142D1BA}.Release|Any CPU.ActiveCfg = Release|Any CPU
		{96F8C0D6-3808-411E-957E-DC2AB142D1BA}.Release|Any CPU.Build.0 = Release|Any CPU
		{709297D9-D147-4042-942A-13871EA34051}.Debug|Any CPU.ActiveCfg = Debug|Any CPU
		{709297D9-D147-4042-942A-13871EA34051}.Debug|Any CPU.Build.0 = Debug|Any CPU
		{709297D9-D147-4042-942A-13871EA34051}.Release|Any CPU.ActiveCfg = Release|Any CPU
		{709297D9-D147-4042-942A-13871EA34051}.Release|Any CPU.Build.0 = Release|Any CPU
	EndGlobalSection
EndGlobal
